
Microsoft Visual Studio Solution File, Format Version 12.00
# Visual Studio Version 17
VisualStudioVersion = 17.7.34031.279
MinimumVisualStudioVersion = 10.0.40219.1
Project("{FAE04EC0-301F-11D3-BF4B-00C04F79EFBC}") = "SanlamTechnicalAssesmentWorkerService", "SanlamTechnicalAssesmentWorkerService.csproj", "{AA98A09D-1793-4B2D-944F-59DB62570C44}"
EndProject
Global
	GlobalSection(SolutionConfigurationPlatforms) = preSolution
		Debug|Any CPU = Debug|Any CPU
		Release|Any CPU = Release|Any CPU
	EndGlobalSection
	GlobalSection(ProjectConfigurationPlatforms) = postSolution
		{AA98A09D-1793-4B2D-944F-59DB62570C44}.Debug|Any CPU.ActiveCfg = Debug|Any CPU
		{AA98A09D-1793-4B2D-944F-59DB62570C44}.Debug|Any CPU.Build.0 = Debug|Any CPU
		{AA98A09D-1793-4B2D-944F-59DB62570C44}.Release|Any CPU.ActiveCfg = Release|Any CPU
		{AA98A09D-1793-4B2D-944F-59DB62570C44}.Release|Any CPU.Build.0 = Release|Any CPU
	EndGlobalSection
	GlobalSection(SolutionProperties) = preSolution
		HideSolutionNode = FALSE
	EndGlobalSection
	GlobalSection(ExtensibilityGlobals) = postSolution
		SolutionGuid = {D8092DE6-6E3A-4009-83EB-A5DD22D5AA0B}
	EndGlobalSection
EndGlobal
